
Microsoft Visual Studio Solution File, Format Version 12.00
# Visual Studio Version 17
VisualStudioVersion = 17.7.34024.191
MinimumVisualStudioVersion = 10.0.40219.1
Project("{FAE04EC0-301F-11D3-BF4B-00C04F79EFBC}") = "AIS.WebApp", "AISWebApp\AIS.WebApp.csproj", "{FEFBF74D-D57F-4031-B7F4-9858A63434A6}"
EndProject
Project("{FAE04EC0-301F-11D3-BF4B-00C04F79EFBC}") = "AIS.Application", "AIS.Application\AIS.Application.csproj", "{2A256A15-6475-4746-80B8-D015912817D9}"
EndProject
Project("{FAE04EC0-301F-11D3-BF4B-00C04F79EFBC}") = "AIS.Domain", "AIS.Domain\AIS.Domain.csproj", "{276DCDA9-1FC6-4364-99B8-8D93726D03A5}"
EndProject
Project("{FAE04EC0-301F-11D3-BF4B-00C04F79EFBC}") = "AIS.Infrastructure", "AIS.Infrastructure\AIS.Infrastructure.csproj", "{FDE34AB8-60CD-4127-AD48-2B8D8AAC80FC}"
EndProject
Project("{FAE04EC0-301F-11D3-BF4B-00C04F79EFBC}") = "AIS.WebApi", "AIS.WebApi\AIS.WebApi.csproj", "{21436D3E-6448-4788-96CC-A23631CF2B53}"
EndProject
Global
	GlobalSection(SolutionConfigurationPlatforms) = preSolution
		Debug|Any CPU = Debug|Any CPU
		Release|Any CPU = Release|Any CPU
	EndGlobalSection
	GlobalSection(ProjectConfigurationPlatforms) = postSolution
		{FEFBF74D-D57F-4031-B7F4-9858A63434A6}.Debug|Any CPU.ActiveCfg = Debug|Any CPU
		{FEFBF74D-D57F-4031-B7F4-9858A63434A6}.Debug|Any CPU.Build.0 = Debug|Any CPU
		{FEFBF74D-D57F-4031-B7F4-9858A63434A6}.Release|Any CPU.ActiveCfg = Release|Any CPU
		{FEFBF74D-D57F-4031-B7F4-9858A63434A6}.Release|Any CPU.Build.0 = Release|Any CPU
		{2A256A15-6475-4746-80B8-D015912817D9}.Debug|Any CPU.ActiveCfg = Debug|Any CPU
		{2A256A15-6475-4746-80B8-D015912817D9}.Debug|Any CPU.Build.0 = Debug|Any CPU
		{2A256A15-6475-4746-80B8-D015912817D9}.Release|Any CPU.ActiveCfg = Release|Any CPU
		{2A256A15-6475-4746-80B8-D015912817D9}.Release|Any CPU.Build.0 = Release|Any CPU
		{276DCDA9-1FC6-4364-99B8-8D93726D03A5}.Debug|Any CPU.ActiveCfg = Debug|Any CPU
		{276DCDA9-1FC6-4364-99B8-8D93726D03A5}.Debug|Any CPU.Build.0 = Debug|Any CPU
		{276DCDA9-1FC6-4364-99B8-8D93726D03A5}.Release|Any CPU.ActiveCfg = Release|Any CPU
		{276DCDA9-1FC6-4364-99B8-8D93726D03A5}.Release|Any CPU.Build.0 = Release|Any CPU
		{FDE34AB8-60CD-4127-AD48-2B8D8AAC80FC}.Debug|Any CPU.ActiveCfg = Debug|Any CPU
		{FDE34AB8-60CD-4127-AD48-2B8D8AAC80FC}.Debug|Any CPU.Build.0 = Debug|Any CPU
		{FDE34AB8-60CD-4127-AD48-2B8D8AAC80FC}.Release|Any CPU.ActiveCfg = Release|Any CPU
		{FDE34AB8-60CD-4127-AD48-2B8D8AAC80FC}.Release|Any CPU.Build.0 = Release|Any CPU
		{21436D3E-6448-4788-96CC-A23631CF2B53}.Debug|Any CPU.ActiveCfg = Debug|Any CPU
		{21436D3E-6448-4788-96CC-A23631CF2B53}.Debug|Any CPU.Build.0 = Debug|Any CPU
		{21436D3E-6448-4788-96CC-A23631CF2B53}.Release|Any CPU.ActiveCfg = Release|Any CPU
		{21436D3E-6448-4788-96CC-A23631CF2B53}.Release|Any CPU.Build.0 = Release|Any CPU
	EndGlobalSection
	GlobalSection(SolutionProperties) = preSolution
		HideSolutionNode = FALSE
	EndGlobalSection
	GlobalSection(ExtensibilityGlobals) = postSolution
		SolutionGuid = {6236A4CC-E942-4E1D-A7FA-D996B9B7CDEA}
	EndGlobalSection
EndGlobal
